
Microsoft Visual Studio Solution File, Format Version 12.00
# Visual Studio 15
VisualStudioVersion = 15.0.26730.3
MinimumVisualStudioVersion = 10.0.40219.1
Project("{FAE04EC0-301F-11D3-BF4B-00C04F79EFBC}") = "CS340Test", "CS340Test\CS340Test.csproj", "{3C46E75E-4B6A-43BC-BA7B-663D3DCF0004}"
EndProject
Global
	GlobalSection(SolutionConfigurationPlatforms) = preSolution
		Debug|Any CPU = Debug|Any CPU
		Release|Any CPU = Release|Any CPU
	EndGlobalSection
	GlobalSection(ProjectConfigurationPlatforms) = postSolution
		{3C46E75E-4B6A-43BC-BA7B-663D3DCF0004}.Debug|Any CPU.ActiveCfg = Debug|Any CPU
		{3C46E75E-4B6A-43BC-BA7B-663D3DCF0004}.Debug|Any CPU.Build.0 = Debug|Any CPU
		{3C46E75E-4B6A-43BC-BA7B-663D3DCF0004}.Release|Any CPU.ActiveCfg = Release|Any CPU
		{3C46E75E-4B6A-43BC-BA7B-663D3DCF0004}.Release|Any CPU.Build.0 = Release|Any CPU
	EndGlobalSection
	GlobalSection(SolutionProperties) = preSolution
		HideSolutionNode = FALSE
	EndGlobalSection
	GlobalSection(ExtensibilityGlobals) = postSolution
		SolutionGuid = {2936FE4A-09CC-45B0-B5E7-0860869113D7}
	EndGlobalSection
EndGlobal
